
Microsoft Visual Studio Solution File, Format Version 12.00
# Visual Studio 15
VisualStudioVersion = 15.0.27703.2026
MinimumVisualStudioVersion = 10.0.40219.1
Project("{FAE04EC0-301F-11D3-BF4B-00C04F79EFBC}") = "AdjacentProduct", "AdjacentProduct\AdjacentProduct.csproj", "{B18F7884-4E7C-4713-86E5-C648D882A8EA}"
EndProject
Global
	GlobalSection(SolutionConfigurationPlatforms) = preSolution
		Debug|Any CPU = Debug|Any CPU
		Release|Any CPU = Release|Any CPU
	EndGlobalSection
	GlobalSection(ProjectConfigurationPlatforms) = postSolution
		{B18F7884-4E7C-4713-86E5-C648D882A8EA}.Debug|Any CPU.ActiveCfg = Debug|Any CPU
		{B18F7884-4E7C-4713-86E5-C648D882A8EA}.Debug|Any CPU.Build.0 = Debug|Any CPU
		{B18F7884-4E7C-4713-86E5-C648D882A8EA}.Release|Any CPU.ActiveCfg = Release|Any CPU
		{B18F7884-4E7C-4713-86E5-C648D882A8EA}.Release|Any CPU.Build.0 = Release|Any CPU
	EndGlobalSection
	GlobalSection(SolutionProperties) = preSolution
		HideSolutionNode = FALSE
	EndGlobalSection
	GlobalSection(ExtensibilityGlobals) = postSolution
		SolutionGuid = {495A59B9-E970-40C6-B65A-04278C129C34}
	EndGlobalSection
EndGlobal
