
Microsoft Visual Studio Solution File, Format Version 12.00
# Visual Studio 15
VisualStudioVersion = 15.0.27703.2026
MinimumVisualStudioVersion = 10.0.40219.1
Project("{FAE04EC0-301F-11D3-BF4B-00C04F79EFBC}") = "Stack and Queue", "Stack and Queue\Stack and Queue.csproj", "{DC9F3A41-0D3A-4EA0-98A7-8891EDACCFB3}"
EndProject
Project("{FAE04EC0-301F-11D3-BF4B-00C04F79EFBC}") = "XUnitTestProject1", "XUnitTestProject1\XUnitTestProject1.csproj", "{4F919C45-D711-4416-B783-A40BCC11A1BE}"
EndProject
Global
	GlobalSection(SolutionConfigurationPlatforms) = preSolution
		Debug|Any CPU = Debug|Any CPU
		Release|Any CPU = Release|Any CPU
	EndGlobalSection
	GlobalSection(ProjectConfigurationPlatforms) = postSolution
		{DC9F3A41-0D3A-4EA0-98A7-8891EDACCFB3}.Debug|Any CPU.ActiveCfg = Debug|Any CPU
		{DC9F3A41-0D3A-4EA0-98A7-8891EDACCFB3}.Debug|Any CPU.Build.0 = Debug|Any CPU
		{DC9F3A41-0D3A-4EA0-98A7-8891EDACCFB3}.Release|Any CPU.ActiveCfg = Release|Any CPU
		{DC9F3A41-0D3A-4EA0-98A7-8891EDACCFB3}.Release|Any CPU.Build.0 = Release|Any CPU
		{4F919C45-D711-4416-B783-A40BCC11A1BE}.Debug|Any CPU.ActiveCfg = Debug|Any CPU
		{4F919C45-D711-4416-B783-A40BCC11A1BE}.Debug|Any CPU.Build.0 = Debug|Any CPU
		{4F919C45-D711-4416-B783-A40BCC11A1BE}.Release|Any CPU.ActiveCfg = Release|Any CPU
		{4F919C45-D711-4416-B783-A40BCC11A1BE}.Release|Any CPU.Build.0 = Release|Any CPU
	EndGlobalSection
	GlobalSection(SolutionProperties) = preSolution
		HideSolutionNode = FALSE
	EndGlobalSection
	GlobalSection(ExtensibilityGlobals) = postSolution
		SolutionGuid = {AC6B6734-B5ED-4E83-900E-8171EEB9B841}
	EndGlobalSection
EndGlobal
