
Microsoft Visual Studio Solution File, Format Version 12.00
# Visual Studio 15
VisualStudioVersion = 15.0.27703.2042
MinimumVisualStudioVersion = 10.0.40219.1
Project("{9A19103F-16F7-4668-BE54-9A1E7A4F7556}") = "Sorting_Algorithms", "Sorting_Algorithms\Sorting_Algorithms.csproj", "{C7850828-4D14-48F7-A167-8D40520AB0E3}"
EndProject
Project("{FAE04EC0-301F-11D3-BF4B-00C04F79EFBC}") = "XUnitTestProject1", "XUnitTestProject1\XUnitTestProject1.csproj", "{467786EC-4A94-4FE2-959D-143C6CE5C0D3}"
EndProject
Global
	GlobalSection(SolutionConfigurationPlatforms) = preSolution
		Debug|Any CPU = Debug|Any CPU
		Release|Any CPU = Release|Any CPU
	EndGlobalSection
	GlobalSection(ProjectConfigurationPlatforms) = postSolution
		{C7850828-4D14-48F7-A167-8D40520AB0E3}.Debug|Any CPU.ActiveCfg = Debug|Any CPU
		{C7850828-4D14-48F7-A167-8D40520AB0E3}.Debug|Any CPU.Build.0 = Debug|Any CPU
		{C7850828-4D14-48F7-A167-8D40520AB0E3}.Release|Any CPU.ActiveCfg = Release|Any CPU
		{C7850828-4D14-48F7-A167-8D40520AB0E3}.Release|Any CPU.Build.0 = Release|Any CPU
		{467786EC-4A94-4FE2-959D-143C6CE5C0D3}.Debug|Any CPU.ActiveCfg = Debug|Any CPU
		{467786EC-4A94-4FE2-959D-143C6CE5C0D3}.Debug|Any CPU.Build.0 = Debug|Any CPU
		{467786EC-4A94-4FE2-959D-143C6CE5C0D3}.Release|Any CPU.ActiveCfg = Release|Any CPU
		{467786EC-4A94-4FE2-959D-143C6CE5C0D3}.Release|Any CPU.Build.0 = Release|Any CPU
	EndGlobalSection
	GlobalSection(SolutionProperties) = preSolution
		HideSolutionNode = FALSE
	EndGlobalSection
	GlobalSection(ExtensibilityGlobals) = postSolution
		SolutionGuid = {14FC233D-ABC0-4B71-8C75-0C9E0E0B15BD}
	EndGlobalSection
EndGlobal
