
Microsoft Visual Studio Solution File, Format Version 12.00
# Visual Studio 15
VisualStudioVersion = 15.0.27703.2042
MinimumVisualStudioVersion = 10.0.40219.1
Project("{FAE04EC0-301F-11D3-BF4B-00C04F79EFBC}") = "GetEdge", "GetEdge\GetEdge.csproj", "{0DE0AB59-65CA-4830-A8C8-D3F30061080A}"
EndProject
Project("{FAE04EC0-301F-11D3-BF4B-00C04F79EFBC}") = "XUnitTestProject1", "XUnitTestProject1\XUnitTestProject1.csproj", "{AB15A145-E06E-4039-9221-6395573056E3}"
EndProject
Global
	GlobalSection(SolutionConfigurationPlatforms) = preSolution
		Debug|Any CPU = Debug|Any CPU
		Release|Any CPU = Release|Any CPU
	EndGlobalSection
	GlobalSection(ProjectConfigurationPlatforms) = postSolution
		{0DE0AB59-65CA-4830-A8C8-D3F30061080A}.Debug|Any CPU.ActiveCfg = Debug|Any CPU
		{0DE0AB59-65CA-4830-A8C8-D3F30061080A}.Debug|Any CPU.Build.0 = Debug|Any CPU
		{0DE0AB59-65CA-4830-A8C8-D3F30061080A}.Release|Any CPU.ActiveCfg = Release|Any CPU
		{0DE0AB59-65CA-4830-A8C8-D3F30061080A}.Release|Any CPU.Build.0 = Release|Any CPU
		{AB15A145-E06E-4039-9221-6395573056E3}.Debug|Any CPU.ActiveCfg = Debug|Any CPU
		{AB15A145-E06E-4039-9221-6395573056E3}.Debug|Any CPU.Build.0 = Debug|Any CPU
		{AB15A145-E06E-4039-9221-6395573056E3}.Release|Any CPU.ActiveCfg = Release|Any CPU
		{AB15A145-E06E-4039-9221-6395573056E3}.Release|Any CPU.Build.0 = Release|Any CPU
	EndGlobalSection
	GlobalSection(SolutionProperties) = preSolution
		HideSolutionNode = FALSE
	EndGlobalSection
	GlobalSection(ExtensibilityGlobals) = postSolution
		SolutionGuid = {49504F96-1133-4ED0-9EBB-846BBDBDFA4E}
	EndGlobalSection
EndGlobal
