
Microsoft Visual Studio Solution File, Format Version 12.00
# Visual Studio 15
VisualStudioVersion = 15.0.27703.2035
MinimumVisualStudioVersion = 10.0.40219.1
Project("{FAE04EC0-301F-11D3-BF4B-00C04F79EFBC}") = "Graphs", "Graphs\Graphs.csproj", "{E60B1758-A172-4BAD-BD74-14A3C91A9471}"
EndProject
Project("{FAE04EC0-301F-11D3-BF4B-00C04F79EFBC}") = "XUnitTestProject1", "XUnitTestProject1\XUnitTestProject1.csproj", "{3756D4B5-DC0F-4BB8-984A-8CDDD3C1953F}"
EndProject
Global
	GlobalSection(SolutionConfigurationPlatforms) = preSolution
		Debug|Any CPU = Debug|Any CPU
		Release|Any CPU = Release|Any CPU
	EndGlobalSection
	GlobalSection(ProjectConfigurationPlatforms) = postSolution
		{E60B1758-A172-4BAD-BD74-14A3C91A9471}.Debug|Any CPU.ActiveCfg = Debug|Any CPU
		{E60B1758-A172-4BAD-BD74-14A3C91A9471}.Debug|Any CPU.Build.0 = Debug|Any CPU
		{E60B1758-A172-4BAD-BD74-14A3C91A9471}.Release|Any CPU.ActiveCfg = Release|Any CPU
		{E60B1758-A172-4BAD-BD74-14A3C91A9471}.Release|Any CPU.Build.0 = Release|Any CPU
		{3756D4B5-DC0F-4BB8-984A-8CDDD3C1953F}.Debug|Any CPU.ActiveCfg = Debug|Any CPU
		{3756D4B5-DC0F-4BB8-984A-8CDDD3C1953F}.Debug|Any CPU.Build.0 = Debug|Any CPU
		{3756D4B5-DC0F-4BB8-984A-8CDDD3C1953F}.Release|Any CPU.ActiveCfg = Release|Any CPU
		{3756D4B5-DC0F-4BB8-984A-8CDDD3C1953F}.Release|Any CPU.Build.0 = Release|Any CPU
	EndGlobalSection
	GlobalSection(SolutionProperties) = preSolution
		HideSolutionNode = FALSE
	EndGlobalSection
	GlobalSection(ExtensibilityGlobals) = postSolution
		SolutionGuid = {D185F337-A803-4B23-AC9F-47FCBC2FA7A5}
	EndGlobalSection
EndGlobal
