
Microsoft Visual Studio Solution File, Format Version 12.00
# Visual Studio 15
VisualStudioVersion = 15.0.27703.2042
MinimumVisualStudioVersion = 10.0.40219.1
Project("{FAE04EC0-301F-11D3-BF4B-00C04F79EFBC}") = "LeftJoin", "LeftJoin\LeftJoin.csproj", "{B71E7F72-AD74-483B-A02E-2FA8DAD0176C}"
EndProject
Project("{FAE04EC0-301F-11D3-BF4B-00C04F79EFBC}") = "XUnitTestProject1", "XUnitTestProject1\XUnitTestProject1.csproj", "{A8545D61-D6BD-4528-858F-A9DA726445A9}"
EndProject
Global
	GlobalSection(SolutionConfigurationPlatforms) = preSolution
		Debug|Any CPU = Debug|Any CPU
		Release|Any CPU = Release|Any CPU
	EndGlobalSection
	GlobalSection(ProjectConfigurationPlatforms) = postSolution
		{B71E7F72-AD74-483B-A02E-2FA8DAD0176C}.Debug|Any CPU.ActiveCfg = Debug|Any CPU
		{B71E7F72-AD74-483B-A02E-2FA8DAD0176C}.Debug|Any CPU.Build.0 = Debug|Any CPU
		{B71E7F72-AD74-483B-A02E-2FA8DAD0176C}.Release|Any CPU.ActiveCfg = Release|Any CPU
		{B71E7F72-AD74-483B-A02E-2FA8DAD0176C}.Release|Any CPU.Build.0 = Release|Any CPU
		{A8545D61-D6BD-4528-858F-A9DA726445A9}.Debug|Any CPU.ActiveCfg = Debug|Any CPU
		{A8545D61-D6BD-4528-858F-A9DA726445A9}.Debug|Any CPU.Build.0 = Debug|Any CPU
		{A8545D61-D6BD-4528-858F-A9DA726445A9}.Release|Any CPU.ActiveCfg = Release|Any CPU
		{A8545D61-D6BD-4528-858F-A9DA726445A9}.Release|Any CPU.Build.0 = Release|Any CPU
	EndGlobalSection
	GlobalSection(SolutionProperties) = preSolution
		HideSolutionNode = FALSE
	EndGlobalSection
	GlobalSection(ExtensibilityGlobals) = postSolution
		SolutionGuid = {207701FD-9F1C-46BF-8E31-F585DC86F00F}
	EndGlobalSection
EndGlobal
