
Microsoft Visual Studio Solution File, Format Version 12.00
# Visual Studio 15
VisualStudioVersion = 15.0.27703.2035
MinimumVisualStudioVersion = 10.0.40219.1
Project("{FAE04EC0-301F-11D3-BF4B-00C04F79EFBC}") = "FIFOAnimalShelter", "FIFOAnimalShelter\FIFOAnimalShelter.csproj", "{1BE510BC-E73D-4001-982E-7657BD8BBC55}"
EndProject
Project("{FAE04EC0-301F-11D3-BF4B-00C04F79EFBC}") = "XUnitTestProject1", "XUnitTestProject1\XUnitTestProject1.csproj", "{52FBBE5B-EC7C-438D-9234-83F6B7B592E2}"
EndProject
Global
	GlobalSection(SolutionConfigurationPlatforms) = preSolution
		Debug|Any CPU = Debug|Any CPU
		Release|Any CPU = Release|Any CPU
	EndGlobalSection
	GlobalSection(ProjectConfigurationPlatforms) = postSolution
		{1BE510BC-E73D-4001-982E-7657BD8BBC55}.Debug|Any CPU.ActiveCfg = Debug|Any CPU
		{1BE510BC-E73D-4001-982E-7657BD8BBC55}.Debug|Any CPU.Build.0 = Debug|Any CPU
		{1BE510BC-E73D-4001-982E-7657BD8BBC55}.Release|Any CPU.ActiveCfg = Release|Any CPU
		{1BE510BC-E73D-4001-982E-7657BD8BBC55}.Release|Any CPU.Build.0 = Release|Any CPU
		{52FBBE5B-EC7C-438D-9234-83F6B7B592E2}.Debug|Any CPU.ActiveCfg = Debug|Any CPU
		{52FBBE5B-EC7C-438D-9234-83F6B7B592E2}.Debug|Any CPU.Build.0 = Debug|Any CPU
		{52FBBE5B-EC7C-438D-9234-83F6B7B592E2}.Release|Any CPU.ActiveCfg = Release|Any CPU
		{52FBBE5B-EC7C-438D-9234-83F6B7B592E2}.Release|Any CPU.Build.0 = Release|Any CPU
	EndGlobalSection
	GlobalSection(SolutionProperties) = preSolution
		HideSolutionNode = FALSE
	EndGlobalSection
	GlobalSection(ExtensibilityGlobals) = postSolution
		SolutionGuid = {70419F98-A18E-41C7-9344-0E36AB776E70}
	EndGlobalSection
EndGlobal
